
Microsoft Visual Studio Solution File, Format Version 12.00
# Visual Studio Version 16
VisualStudioVersion = 16.0.810.17
MinimumVisualStudioVersion = 10.0.40219.1
Project("{FAE04EC0-301F-11D3-BF4B-00C04F79EFBC}") = "Lesson_4.1", "Lesson_4.1\Lesson_4.1.csproj", "{EFD64871-D17C-4277-9F4E-03492AC40F62}"
EndProject
Global
	GlobalSection(SolutionConfigurationPlatforms) = preSolution
		Debug|anycpu = Debug|anycpu
		Release|anycpu = Release|anycpu
	EndGlobalSection
	GlobalSection(ProjectConfigurationPlatforms) = postSolution
		{EFD64871-D17C-4277-9F4E-03492AC40F62}.Debug|anycpu.ActiveCfg = Debug|anycpu
		{EFD64871-D17C-4277-9F4E-03492AC40F62}.Debug|anycpu.Build.0 = Debug|anycpu
		{EFD64871-D17C-4277-9F4E-03492AC40F62}.Release|anycpu.ActiveCfg = Release|anycpu
		{EFD64871-D17C-4277-9F4E-03492AC40F62}.Release|anycpu.Build.0 = Release|anycpu
	EndGlobalSection
	GlobalSection(SolutionProperties) = preSolution
		HideSolutionNode = FALSE
	EndGlobalSection
	GlobalSection(ExtensibilityGlobals) = postSolution
		SolutionGuid = {C887677A-DB0F-4552-BFE1-AF52DAED7F87}
	EndGlobalSection
EndGlobal
